{
  "name": "audiophile",
  "version": "1.0.0",
  "lockfileVersion": 1,
  "requires": true,
  "dependencies": {
    "bootstrap": {
      "version": "5.2.0",
      "resolved": "https://registry.npmjs.org/bootstrap/-/bootstrap-5.2.0.tgz",
      "integrity": "sha512-qlnS9GL6YZE6Wnef46GxGv1UpGGzAwO0aPL1yOjzDIJpeApeMvqV24iL+pjr2kU4dduoBA9fINKWKgMToobx9A=="
    },
    "sass-rem": {
      "version": "3.0.0",
      "resolved": "https://registry.npmjs.org/sass-rem/-/sass-rem-3.0.0.tgz",
      "integrity": "sha512-tgK/2ojS/z4OjlJT6J/Gc3TgN97W/4tTWuEdVXO1/P46L/Ud4iG3t+s007KTHP+BX9tqLgFPl3fgstUsva5rtg=="
    }
  }
}
